Microsoft Visual Studio Solution File, Format Version 12.00
Project("{9A19103F-16F7-4668-BE54-9A1E7A4F7556}") = "JustinWritesCode.EntityFrameworkCore", "JustinWritesCode.EntityFrameworkCore.csproj", "{423E19CA-07F1-4CE8-A891-77B8BFA13762}"
EndProject
Project("{9A19103F-16F7-4668-BE54-9A1E7A4F7556}") = "JustinWritesCode.EntityFrameworkCore.Abstractions", "src\Abstractions\JustinWritesCode.EntityFrameworkCore.Abstractions.csproj", "{8B938A0B-D13B-4A00-83FD-EAA10B9841D1}"
EndProject
Project("{9A19103F-16F7-4668-BE54-9A1E7A4F7556}") = "JustinWritesCode.EntityFrameworkCore.Constants", "src\Constants\JustinWritesCode.EntityFrameworkCore.Constants.csproj", "{DE0A5D82-FAE0-428F-82A7-7E2C637710E8}"
EndProject
Project("{9A19103F-16F7-4668-BE54-9A1E7A4F7556}") = "JustinWritesCode.EntityFrameworkCore.Entities", "src\Entities\JustinWritesCode.EntityFrameworkCore.Entities.csproj", "{9242C795-E382-48D7-BEAD-F19BBB1FCFDB}"
EndProject
Project("{9A19103F-16F7-4668-BE54-9A1E7A4F7556}") = "JustinWritesCode.EntityFrameworkCore.Extensions", "src\Extensions\JustinWritesCode.EntityFrameworkCore.Extensions.csproj", "{6C2353B6-A47A-4EFE-857B-80B82D9FC057}"
EndProject
Project("{9A19103F-16F7-4668-BE54-9A1E7A4F7556}") = "JustinWritesCode.EntityFrameworkCore.Models", "src\Models\JustinWritesCode.EntityFrameworkCore.Models.csproj", "{E9B221C0-D8D9-4AAB-9FD7-214F51EF1FC3}"
EndProject
Project("{2150E333-8FDC-42A3-9474-1A3956D46DE8}") = "src", "src", "{9477F1C5-B790-47CA-880C-2955172F386A}"
EndProject
Global
	GlobalSection(SolutionConfigurationPlatforms) = preSolution
		Local|Any CPU = Local|Any CPU
		Debug|Any CPU = Debug|Any CPU
		Staging|Any CPU = Staging|Any CPU
		Release|Any CPU = Release|Any CPU
		Testing|Any CPU = Testing|Any CPU
	EndGlobalSection
	GlobalSection(ProjectConfigurationPlatforms) = postSolution
		{423E19CA-07F1-4CE8-A891-77B8BFA13762}.Local|Any CPU.ActiveCfg = Local|Any CPU
		{423E19CA-07F1-4CE8-A891-77B8BFA13762}.Local|Any CPU.Build.0 = Local|Any CPU
		{423E19CA-07F1-4CE8-A891-77B8BFA13762}.Debug|Any CPU.ActiveCfg = Debug|Any CPU
		{423E19CA-07F1-4CE8-A891-77B8BFA13762}.Debug|Any CPU.Build.0 = Debug|Any CPU
		{423E19CA-07F1-4CE8-A891-77B8BFA13762}.Staging|Any CPU.ActiveCfg = Staging|Any CPU
		{423E19CA-07F1-4CE8-A891-77B8BFA13762}.Staging|Any CPU.Build.0 = Staging|Any CPU
		{423E19CA-07F1-4CE8-A891-77B8BFA13762}.Release|Any CPU.ActiveCfg = Release|Any CPU
		{423E19CA-07F1-4CE8-A891-77B8BFA13762}.Release|Any CPU.Build.0 = Release|Any CPU
		{423E19CA-07F1-4CE8-A891-77B8BFA13762}.Testing|Any CPU.ActiveCfg = Testing|Any CPU
		{423E19CA-07F1-4CE8-A891-77B8BFA13762}.Testing|Any CPU.Build.0 = Testing|Any CPU
		{8B938A0B-D13B-4A00-83FD-EAA10B9841D1}.Local|Any CPU.ActiveCfg = Local|Any CPU
		{8B938A0B-D13B-4A00-83FD-EAA10B9841D1}.Local|Any CPU.Build.0 = Local|Any CPU
		{8B938A0B-D13B-4A00-83FD-EAA10B9841D1}.Debug|Any CPU.ActiveCfg = Debug|Any CPU
		{8B938A0B-D13B-4A00-83FD-EAA10B9841D1}.Debug|Any CPU.Build.0 = Debug|Any CPU
		{8B938A0B-D13B-4A00-83FD-EAA10B9841D1}.Staging|Any CPU.ActiveCfg = Staging|Any CPU
		{8B938A0B-D13B-4A00-83FD-EAA10B9841D1}.Staging|Any CPU.Build.0 = Staging|Any CPU
		{8B938A0B-D13B-4A00-83FD-EAA10B9841D1}.Release|Any CPU.ActiveCfg = Release|Any CPU
		{8B938A0B-D13B-4A00-83FD-EAA10B9841D1}.Release|Any CPU.Build.0 = Release|Any CPU
		{8B938A0B-D13B-4A00-83FD-EAA10B9841D1}.Testing|Any CPU.ActiveCfg = Testing|Any CPU
		{8B938A0B-D13B-4A00-83FD-EAA10B9841D1}.Testing|Any CPU.Build.0 = Testing|Any CPU
		{DE0A5D82-FAE0-428F-82A7-7E2C637710E8}.Local|Any CPU.ActiveCfg = Local|Any CPU
		{DE0A5D82-FAE0-428F-82A7-7E2C637710E8}.Local|Any CPU.Build.0 = Local|Any CPU
		{DE0A5D82-FAE0-428F-82A7-7E2C637710E8}.Debug|Any CPU.ActiveCfg = Debug|Any CPU
		{DE0A5D82-FAE0-428F-82A7-7E2C637710E8}.Debug|Any CPU.Build.0 = Debug|Any CPU
		{DE0A5D82-FAE0-428F-82A7-7E2C637710E8}.Staging|Any CPU.ActiveCfg = Staging|Any CPU
		{DE0A5D82-FAE0-428F-82A7-7E2C637710E8}.Staging|Any CPU.Build.0 = Staging|Any CPU
		{DE0A5D82-FAE0-428F-82A7-7E2C637710E8}.Release|Any CPU.ActiveCfg = Release|Any CPU
		{DE0A5D82-FAE0-428F-82A7-7E2C637710E8}.Release|Any CPU.Build.0 = Release|Any CPU
		{DE0A5D82-FAE0-428F-82A7-7E2C637710E8}.Testing|Any CPU.ActiveCfg = Testing|Any CPU
		{DE0A5D82-FAE0-428F-82A7-7E2C637710E8}.Testing|Any CPU.Build.0 = Testing|Any CPU
		{9242C795-E382-48D7-BEAD-F19BBB1FCFDB}.Local|Any CPU.ActiveCfg = Local|Any CPU
		{9242C795-E382-48D7-BEAD-F19BBB1FCFDB}.Local|Any CPU.Build.0 = Local|Any CPU
		{9242C795-E382-48D7-BEAD-F19BBB1FCFDB}.Debug|Any CPU.ActiveCfg = Debug|Any CPU
		{9242C795-E382-48D7-BEAD-F19BBB1FCFDB}.Debug|Any CPU.Build.0 = Debug|Any CPU
		{9242C795-E382-48D7-BEAD-F19BBB1FCFDB}.Staging|Any CPU.ActiveCfg = Staging|Any CPU
		{9242C795-E382-48D7-BEAD-F19BBB1FCFDB}.Staging|Any CPU.Build.0 = Staging|Any CPU
		{9242C795-E382-48D7-BEAD-F19BBB1FCFDB}.Release|Any CPU.ActiveCfg = Release|Any CPU
		{9242C795-E382-48D7-BEAD-F19BBB1FCFDB}.Release|Any CPU.Build.0 = Release|Any CPU
		{9242C795-E382-48D7-BEAD-F19BBB1FCFDB}.Testing|Any CPU.ActiveCfg = Testing|Any CPU
		{9242C795-E382-48D7-BEAD-F19BBB1FCFDB}.Testing|Any CPU.Build.0 = Testing|Any CPU
		{6C2353B6-A47A-4EFE-857B-80B82D9FC057}.Local|Any CPU.ActiveCfg = Local|Any CPU
		{6C2353B6-A47A-4EFE-857B-80B82D9FC057}.Local|Any CPU.Build.0 = Local|Any CPU
		{6C2353B6-A47A-4EFE-857B-80B82D9FC057}.Debug|Any CPU.ActiveCfg = Debug|Any CPU
		{6C2353B6-A47A-4EFE-857B-80B82D9FC057}.Debug|Any CPU.Build.0 = Debug|Any CPU
		{6C2353B6-A47A-4EFE-857B-80B82D9FC057}.Staging|Any CPU.ActiveCfg = Staging|Any CPU
		{6C2353B6-A47A-4EFE-857B-80B82D9FC057}.Staging|Any CPU.Build.0 = Staging|Any CPU
		{6C2353B6-A47A-4EFE-857B-80B82D9FC057}.Release|Any CPU.ActiveCfg = Release|Any CPU
		{6C2353B6-A47A-4EFE-857B-80B82D9FC057}.Release|Any CPU.Build.0 = Release|Any CPU
		{6C2353B6-A47A-4EFE-857B-80B82D9FC057}.Testing|Any CPU.ActiveCfg = Testing|Any CPU
		{6C2353B6-A47A-4EFE-857B-80B82D9FC057}.Testing|Any CPU.Build.0 = Testing|Any CPU
		{E9B221C0-D8D9-4AAB-9FD7-214F51EF1FC3}.Local|Any CPU.ActiveCfg = Local|Any CPU
		{E9B221C0-D8D9-4AAB-9FD7-214F51EF1FC3}.Local|Any CPU.Build.0 = Local|Any CPU
		{E9B221C0-D8D9-4AAB-9FD7-214F51EF1FC3}.Debug|Any CPU.ActiveCfg = Debug|Any CPU
		{E9B221C0-D8D9-4AAB-9FD7-214F51EF1FC3}.Debug|Any CPU.Build.0 = Debug|Any CPU
		{E9B221C0-D8D9-4AAB-9FD7-214F51EF1FC3}.Staging|Any CPU.ActiveCfg = Staging|Any CPU
		{E9B221C0-D8D9-4AAB-9FD7-214F51EF1FC3}.Staging|Any CPU.Build.0 = Staging|Any CPU
		{E9B221C0-D8D9-4AAB-9FD7-214F51EF1FC3}.Release|Any CPU.ActiveCfg = Release|Any CPU
		{E9B221C0-D8D9-4AAB-9FD7-214F51EF1FC3}.Release|Any CPU.Build.0 = Release|Any CPU
		{E9B221C0-D8D9-4AAB-9FD7-214F51EF1FC3}.Testing|Any CPU.ActiveCfg = Testing|Any CPU
		{E9B221C0-D8D9-4AAB-9FD7-214F51EF1FC3}.Testing|Any CPU.Build.0 = Testing|Any CPU
	EndGlobalSection
	GlobalSection(SolutionProperties) = preSolution
		HideSolutionNode = FALSE
	EndGlobalSection
	GlobalSection(NestedProjects) = preSolution
		{423E19CA-07F1-4CE8-A891-77B8BFA13762} = {9477F1C5-B790-47CA-880C-2955172F386A}
		{8B938A0B-D13B-4A00-83FD-EAA10B9841D1} = {9477F1C5-B790-47CA-880C-2955172F386A}
		{DE0A5D82-FAE0-428F-82A7-7E2C637710E8} = {9477F1C5-B790-47CA-880C-2955172F386A}
		{9242C795-E382-48D7-BEAD-F19BBB1FCFDB} = {9477F1C5-B790-47CA-880C-2955172F386A}
		{6C2353B6-A47A-4EFE-857B-80B82D9FC057} = {9477F1C5-B790-47CA-880C-2955172F386A}
		{E9B221C0-D8D9-4AAB-9FD7-214F51EF1FC3} = {9477F1C5-B790-47CA-880C-2955172F386A}
	EndGlobalSection
	GlobalSection(ExtensibilityGlobals) = postSolution
		SolutionGuid = {A1F965A0-2F8E-4D7C-AFB9-191C930547F8}
	EndGlobalSection
EndGlobal
