Microsoft Visual Studio Solution File, Format Version 12.00
Project("{9A19103F-16F7-4668-BE54-9A1E7A4F7556}") = "JustinWritesCode.EntityFrameworkCore.Entities", "JustinWritesCode.EntityFrameworkCore.Entities.csproj", "{27F86BDE-B8C9-47EF-B62A-42B7C456116F}"
EndProject
Project("{2150E333-8FDC-42A3-9474-1A3956D46DE8}") = "src", "src", "{5D3F47CC-458F-4384-9E34-AFFFD4A5ED4B}"
EndProject
Global
	GlobalSection(SolutionConfigurationPlatforms) = preSolution
		Local|Any CPU = Local|Any CPU
		Debug|Any CPU = Debug|Any CPU
		Staging|Any CPU = Staging|Any CPU
		Release|Any CPU = Release|Any CPU
		Testing|Any CPU = Testing|Any CPU
	EndGlobalSection
	GlobalSection(ProjectConfigurationPlatforms) = postSolution
		{27F86BDE-B8C9-47EF-B62A-42B7C456116F}.Local|Any CPU.ActiveCfg = Local|Any CPU
		{27F86BDE-B8C9-47EF-B62A-42B7C456116F}.Local|Any CPU.Build.0 = Local|Any CPU
		{27F86BDE-B8C9-47EF-B62A-42B7C456116F}.Debug|Any CPU.ActiveCfg = Debug|Any CPU
		{27F86BDE-B8C9-47EF-B62A-42B7C456116F}.Debug|Any CPU.Build.0 = Debug|Any CPU
		{27F86BDE-B8C9-47EF-B62A-42B7C456116F}.Staging|Any CPU.ActiveCfg = Staging|Any CPU
		{27F86BDE-B8C9-47EF-B62A-42B7C456116F}.Staging|Any CPU.Build.0 = Staging|Any CPU
		{27F86BDE-B8C9-47EF-B62A-42B7C456116F}.Release|Any CPU.ActiveCfg = Release|Any CPU
		{27F86BDE-B8C9-47EF-B62A-42B7C456116F}.Release|Any CPU.Build.0 = Release|Any CPU
		{27F86BDE-B8C9-47EF-B62A-42B7C456116F}.Testing|Any CPU.ActiveCfg = Testing|Any CPU
		{27F86BDE-B8C9-47EF-B62A-42B7C456116F}.Testing|Any CPU.Build.0 = Testing|Any CPU
	EndGlobalSection
	GlobalSection(SolutionProperties) = preSolution
		HideSolutionNode = FALSE
	EndGlobalSection
	GlobalSection(NestedProjects) = preSolution
		{27F86BDE-B8C9-47EF-B62A-42B7C456116F} = {5D3F47CC-458F-4384-9E34-AFFFD4A5ED4B}
	EndGlobalSection
	GlobalSection(ExtensibilityGlobals) = postSolution
		SolutionGuid = {0B9998DC-7B32-4847-BEE9-8354157F3D98}
	EndGlobalSection
EndGlobal
