Microsoft Visual Studio Solution File, Format Version 12.00
Project("{9A19103F-16F7-4668-BE54-9A1E7A4F7556}") = "JustinWritesCode.EntityFrameworkCore.Extensions", "JustinWritesCode.EntityFrameworkCore.Extensions.csproj", "{00B8E1CD-F9F2-436E-AC18-74A1AC691BE6}"
EndProject
Project("{2150E333-8FDC-42A3-9474-1A3956D46DE8}") = "src", "src", "{F5082B59-27F8-448E-9DDA-8F8D98D6AD74}"
EndProject
Global
	GlobalSection(SolutionConfigurationPlatforms) = preSolution
		Local|Any CPU = Local|Any CPU
		Debug|Any CPU = Debug|Any CPU
		Staging|Any CPU = Staging|Any CPU
		Release|Any CPU = Release|Any CPU
		Testing|Any CPU = Testing|Any CPU
	EndGlobalSection
	GlobalSection(ProjectConfigurationPlatforms) = postSolution
		{00B8E1CD-F9F2-436E-AC18-74A1AC691BE6}.Local|Any CPU.ActiveCfg = Local|Any CPU
		{00B8E1CD-F9F2-436E-AC18-74A1AC691BE6}.Local|Any CPU.Build.0 = Local|Any CPU
		{00B8E1CD-F9F2-436E-AC18-74A1AC691BE6}.Debug|Any CPU.ActiveCfg = Debug|Any CPU
		{00B8E1CD-F9F2-436E-AC18-74A1AC691BE6}.Debug|Any CPU.Build.0 = Debug|Any CPU
		{00B8E1CD-F9F2-436E-AC18-74A1AC691BE6}.Staging|Any CPU.ActiveCfg = Staging|Any CPU
		{00B8E1CD-F9F2-436E-AC18-74A1AC691BE6}.Staging|Any CPU.Build.0 = Staging|Any CPU
		{00B8E1CD-F9F2-436E-AC18-74A1AC691BE6}.Release|Any CPU.ActiveCfg = Release|Any CPU
		{00B8E1CD-F9F2-436E-AC18-74A1AC691BE6}.Release|Any CPU.Build.0 = Release|Any CPU
		{00B8E1CD-F9F2-436E-AC18-74A1AC691BE6}.Testing|Any CPU.ActiveCfg = Testing|Any CPU
		{00B8E1CD-F9F2-436E-AC18-74A1AC691BE6}.Testing|Any CPU.Build.0 = Testing|Any CPU
	EndGlobalSection
	GlobalSection(SolutionProperties) = preSolution
		HideSolutionNode = FALSE
	EndGlobalSection
	GlobalSection(NestedProjects) = preSolution
		{00B8E1CD-F9F2-436E-AC18-74A1AC691BE6} = {F5082B59-27F8-448E-9DDA-8F8D98D6AD74}
	EndGlobalSection
	GlobalSection(ExtensibilityGlobals) = postSolution
		SolutionGuid = {FC475B56-3640-462D-94DF-047EC5C5DD4A}
	EndGlobalSection
EndGlobal
