Microsoft Visual Studio Solution File, Format Version 12.00
Project("{9A19103F-16F7-4668-BE54-9A1E7A4F7556}") = "JustinWritesCode.EntityFrameworkCore.Abstractions", "JustinWritesCode.EntityFrameworkCore.Abstractions.csproj", "{0C20A289-6E5D-44B7-8636-9F32557BF142}"
EndProject
Project("{2150E333-8FDC-42A3-9474-1A3956D46DE8}") = "src", "src", "{CE48428C-2D54-4AE7-B04B-7AFB467714FF}"
EndProject
Global
	GlobalSection(SolutionConfigurationPlatforms) = preSolution
		Local|Any CPU = Local|Any CPU
		Debug|Any CPU = Debug|Any CPU
		Staging|Any CPU = Staging|Any CPU
		Release|Any CPU = Release|Any CPU
		Testing|Any CPU = Testing|Any CPU
	EndGlobalSection
	GlobalSection(ProjectConfigurationPlatforms) = postSolution
		{0C20A289-6E5D-44B7-8636-9F32557BF142}.Local|Any CPU.ActiveCfg = Local|Any CPU
		{0C20A289-6E5D-44B7-8636-9F32557BF142}.Local|Any CPU.Build.0 = Local|Any CPU
		{0C20A289-6E5D-44B7-8636-9F32557BF142}.Debug|Any CPU.ActiveCfg = Debug|Any CPU
		{0C20A289-6E5D-44B7-8636-9F32557BF142}.Debug|Any CPU.Build.0 = Debug|Any CPU
		{0C20A289-6E5D-44B7-8636-9F32557BF142}.Staging|Any CPU.ActiveCfg = Staging|Any CPU
		{0C20A289-6E5D-44B7-8636-9F32557BF142}.Staging|Any CPU.Build.0 = Staging|Any CPU
		{0C20A289-6E5D-44B7-8636-9F32557BF142}.Release|Any CPU.ActiveCfg = Release|Any CPU
		{0C20A289-6E5D-44B7-8636-9F32557BF142}.Release|Any CPU.Build.0 = Release|Any CPU
		{0C20A289-6E5D-44B7-8636-9F32557BF142}.Testing|Any CPU.ActiveCfg = Testing|Any CPU
		{0C20A289-6E5D-44B7-8636-9F32557BF142}.Testing|Any CPU.Build.0 = Testing|Any CPU
	EndGlobalSection
	GlobalSection(SolutionProperties) = preSolution
		HideSolutionNode = FALSE
	EndGlobalSection
	GlobalSection(NestedProjects) = preSolution
		{0C20A289-6E5D-44B7-8636-9F32557BF142} = {CE48428C-2D54-4AE7-B04B-7AFB467714FF}
	EndGlobalSection
	GlobalSection(ExtensibilityGlobals) = postSolution
		SolutionGuid = {D02064E0-CEB2-404D-A437-3BA4C72E22CC}
	EndGlobalSection
EndGlobal
