Microsoft Visual Studio Solution File, Format Version 12.00
Project("{9A19103F-16F7-4668-BE54-9A1E7A4F7556}") = "JustinWritesCode.EntityFrameeworkCore.Models", "JustinWritesCode.EntityFrameeworkCore.Models.csproj", "{3041060A-F77F-40D1-9AAA-E17A6D291852}"
EndProject
Project("{9A19103F-16F7-4668-BE54-9A1E7A4F7556}") = "JustinWritesCode.EntityFrameworkCore.Abstractions", "..\Abstractions\JustinWritesCode.EntityFrameworkCore.Abstractions.csproj", "{B2E181D8-79F6-456D-B4BC-0DCDEC61D8C6}"
EndProject
Project("{9A19103F-16F7-4668-BE54-9A1E7A4F7556}") = "JustinWritesCode.Abstractions", "..\..\..\Types\src\Core\Abstractions\JustinWritesCode.Abstractions.csproj", "{B9107352-4951-426C-A029-71E332001581}"
EndProject
Project("{9A19103F-16F7-4668-BE54-9A1E7A4F7556}") = "JustinWritesCode.ComponentModel", "..\..\..\Types\src\Core\ComponentModel\JustinWritesCode.ComponentModel.csproj", "{36294124-A117-4D17-878A-BBB774F628B2}"
EndProject
Project("{2150E333-8FDC-42A3-9474-1A3956D46DE8}") = "src", "src", "{F311AF36-6CCD-4094-93B5-FF3CA52BDD56}"
EndProject
Project("{2150E333-8FDC-42A3-9474-1A3956D46DE8}") = "Core", "Core", "{B5DF0786-02F1-4935-A3FD-1BF6D83CFBBB}"
EndProject
Global
	GlobalSection(SolutionConfigurationPlatforms) = preSolution
		Local|Any CPU = Local|Any CPU
		Debug|Any CPU = Debug|Any CPU
		Staging|Any CPU = Staging|Any CPU
		Release|Any CPU = Release|Any CPU
		Testing|Any CPU = Testing|Any CPU
	EndGlobalSection
	GlobalSection(ProjectConfigurationPlatforms) = postSolution
		{3041060A-F77F-40D1-9AAA-E17A6D291852}.Local|Any CPU.ActiveCfg = Local|Any CPU
		{3041060A-F77F-40D1-9AAA-E17A6D291852}.Local|Any CPU.Build.0 = Local|Any CPU
		{3041060A-F77F-40D1-9AAA-E17A6D291852}.Debug|Any CPU.ActiveCfg = Debug|Any CPU
		{3041060A-F77F-40D1-9AAA-E17A6D291852}.Debug|Any CPU.Build.0 = Debug|Any CPU
		{3041060A-F77F-40D1-9AAA-E17A6D291852}.Staging|Any CPU.ActiveCfg = Staging|Any CPU
		{3041060A-F77F-40D1-9AAA-E17A6D291852}.Staging|Any CPU.Build.0 = Staging|Any CPU
		{3041060A-F77F-40D1-9AAA-E17A6D291852}.Release|Any CPU.ActiveCfg = Release|Any CPU
		{3041060A-F77F-40D1-9AAA-E17A6D291852}.Release|Any CPU.Build.0 = Release|Any CPU
		{3041060A-F77F-40D1-9AAA-E17A6D291852}.Testing|Any CPU.ActiveCfg = Testing|Any CPU
		{3041060A-F77F-40D1-9AAA-E17A6D291852}.Testing|Any CPU.Build.0 = Testing|Any CPU
		{B2E181D8-79F6-456D-B4BC-0DCDEC61D8C6}.Local|Any CPU.ActiveCfg = Local|Any CPU
		{B2E181D8-79F6-456D-B4BC-0DCDEC61D8C6}.Local|Any CPU.Build.0 = Local|Any CPU
		{B2E181D8-79F6-456D-B4BC-0DCDEC61D8C6}.Debug|Any CPU.ActiveCfg = Debug|Any CPU
		{B2E181D8-79F6-456D-B4BC-0DCDEC61D8C6}.Debug|Any CPU.Build.0 = Debug|Any CPU
		{B2E181D8-79F6-456D-B4BC-0DCDEC61D8C6}.Staging|Any CPU.ActiveCfg = Staging|Any CPU
		{B2E181D8-79F6-456D-B4BC-0DCDEC61D8C6}.Staging|Any CPU.Build.0 = Staging|Any CPU
		{B2E181D8-79F6-456D-B4BC-0DCDEC61D8C6}.Release|Any CPU.ActiveCfg = Release|Any CPU
		{B2E181D8-79F6-456D-B4BC-0DCDEC61D8C6}.Release|Any CPU.Build.0 = Release|Any CPU
		{B2E181D8-79F6-456D-B4BC-0DCDEC61D8C6}.Testing|Any CPU.ActiveCfg = Testing|Any CPU
		{B2E181D8-79F6-456D-B4BC-0DCDEC61D8C6}.Testing|Any CPU.Build.0 = Testing|Any CPU
		{B9107352-4951-426C-A029-71E332001581}.Local|Any CPU.ActiveCfg = Local|Any CPU
		{B9107352-4951-426C-A029-71E332001581}.Local|Any CPU.Build.0 = Local|Any CPU
		{B9107352-4951-426C-A029-71E332001581}.Debug|Any CPU.ActiveCfg = Debug|Any CPU
		{B9107352-4951-426C-A029-71E332001581}.Debug|Any CPU.Build.0 = Debug|Any CPU
		{B9107352-4951-426C-A029-71E332001581}.Staging|Any CPU.ActiveCfg = Staging|Any CPU
		{B9107352-4951-426C-A029-71E332001581}.Staging|Any CPU.Build.0 = Staging|Any CPU
		{B9107352-4951-426C-A029-71E332001581}.Release|Any CPU.ActiveCfg = Release|Any CPU
		{B9107352-4951-426C-A029-71E332001581}.Release|Any CPU.Build.0 = Release|Any CPU
		{B9107352-4951-426C-A029-71E332001581}.Testing|Any CPU.ActiveCfg = Testing|Any CPU
		{B9107352-4951-426C-A029-71E332001581}.Testing|Any CPU.Build.0 = Testing|Any CPU
		{36294124-A117-4D17-878A-BBB774F628B2}.Local|Any CPU.ActiveCfg = Local|Any CPU
		{36294124-A117-4D17-878A-BBB774F628B2}.Local|Any CPU.Build.0 = Local|Any CPU
		{36294124-A117-4D17-878A-BBB774F628B2}.Debug|Any CPU.ActiveCfg = Debug|Any CPU
		{36294124-A117-4D17-878A-BBB774F628B2}.Debug|Any CPU.Build.0 = Debug|Any CPU
		{36294124-A117-4D17-878A-BBB774F628B2}.Staging|Any CPU.ActiveCfg = Staging|Any CPU
		{36294124-A117-4D17-878A-BBB774F628B2}.Staging|Any CPU.Build.0 = Staging|Any CPU
		{36294124-A117-4D17-878A-BBB774F628B2}.Release|Any CPU.ActiveCfg = Release|Any CPU
		{36294124-A117-4D17-878A-BBB774F628B2}.Release|Any CPU.Build.0 = Release|Any CPU
		{36294124-A117-4D17-878A-BBB774F628B2}.Testing|Any CPU.ActiveCfg = Testing|Any CPU
		{36294124-A117-4D17-878A-BBB774F628B2}.Testing|Any CPU.Build.0 = Testing|Any CPU
	EndGlobalSection
	GlobalSection(SolutionProperties) = preSolution
		HideSolutionNode = FALSE
	EndGlobalSection
	GlobalSection(NestedProjects) = preSolution
		{3041060A-F77F-40D1-9AAA-E17A6D291852} = {F311AF36-6CCD-4094-93B5-FF3CA52BDD56}
		{B2E181D8-79F6-456D-B4BC-0DCDEC61D8C6} = {F311AF36-6CCD-4094-93B5-FF3CA52BDD56}
		{B9107352-4951-426C-A029-71E332001581} = {B5DF0786-02F1-4935-A3FD-1BF6D83CFBBB}
		{36294124-A117-4D17-878A-BBB774F628B2} = {B5DF0786-02F1-4935-A3FD-1BF6D83CFBBB}
	EndGlobalSection
	GlobalSection(ExtensibilityGlobals) = postSolution
		SolutionGuid = {5627CFCF-3560-429B-9704-48433A9BC6EB}
	EndGlobalSection
EndGlobal
